// !$*UTF8*$!
{
	archiveVersion = 1;
	classes = {
	};
	objectVersion = 56;
	objects = {

/* Begin PBXBuildFile section */
		0EA2EBCD2D99EB4300D27792 /* PersonalFinanceTrackerApp.swift in Sources */ = {isa = PBXBuildFile; fileRef = 0EA2EBCC2D99EB4300D27792 /* PersonalFinanceTrackerApp.swift */; };
		0EA2EBCF2D99EB4300D27792 /* ContentView.swift in Sources */ = {isa = PBXBuildFile; fileRef = 0EA2EBCE2D99EB4300D27792 /* ContentView.swift */; };
		0EA2EBD12D99EB4400D27792 /* Assets.xcassets in Resources */ = {isa = PBXBuildFile; fileRef = 0EA2EBD02D99EB4400D27792 /* Assets.xcassets */; };
		0EA2EBD52D99EB4400D27792 /* Preview Assets.xcassets in Resources */ = {isa = PBXBuildFile; fileRef = 0EA2EBD42D99EB4400D27792 /* Preview Assets.xcassets */; };
		0EA2EBE32D99EE0900D27792 /* HomeView.swift in Sources */ = {isa = PBXBuildFile; fileRef = 0EA2EBE22D99EE0900D27792 /* HomeView.swift */; };
		0EA2EBE52D99EF0600D27792 /* TransactionsListView.swift in Sources */ = {isa = PBXBuildFile; fileRef = 0EA2EBE42D99EF0600D27792 /* TransactionsListView.swift */; };
		0EA2EBE82D99EFBF00D27792 /* ProfileView.swift in Sources */ = {isa = PBXBuildFile; fileRef = 0EA2EBE72D99EFBF00D27792 /* ProfileView.swift */; };
		0EA2EBEA2D99F02B00D27792 /* TabbarView.swift in Sources */ = {isa = PBXBuildFile; fileRef = 0EA2EBE92D99F02B00D27792 /* TabbarView.swift */; };
		0EA2EBED2D9A06B800D27792 /* BudgetView.swift in Sources */ = {isa = PBXBuildFile; fileRef = 0EA2EBEC2D9A06B800D27792 /* BudgetView.swift */; };
		0EA2EBF32D9B888900D27792 /* PersonalFinanceTrackerModel.xcdatamodeld in Sources */ = {isa = PBXBuildFile; fileRef = 0EA2EBF12D9B888900D27792 /* PersonalFinanceTrackerModel.xcdatamodeld */; };
		0EA2EBF52D9B891400D27792 /* CoreDataStack.swift in Sources */ = {isa = PBXBuildFile; fileRef = 0EA2EBF42D9B891400D27792 /* CoreDataStack.swift */; };
		0EBAE5332DA5ED1D00EEF12E /* MoreOptionsView.swift in Sources */ = {isa = PBXBuildFile; fileRef = 0EBAE5322DA5ED1D00EEF12E /* MoreOptionsView.swift */; };
		0EE82FB42DAB3D750043FE8E /* TransactionFormView.swift in Sources */ = {isa = PBXBuildFile; fileRef = 0EE82FB32DAB3D750043FE8E /* TransactionFormView.swift */; };
		0EEAC2062DA7532600D3CEE1 /* CategoriesView.swift in Sources */ = {isa = PBXBuildFile; fileRef = 0EEAC2042DA7532600D3CEE1 /* CategoriesView.swift */; };
		0EEAC2082DA7545100D3CEE1 /* AddCategorySheet.swift in Sources */ = {isa = PBXBuildFile; fileRef = 0EEAC2072DA7545100D3CEE1 /* AddCategorySheet.swift */; };
/* End PBXBuildFile section */

/* Begin PBXFileReference section */
		0EA2EBC92D99EB4300D27792 /* PersonalFinanceTracker.app */ = {isa = PBXFileReference; explicitFileType = wrapper.application; includeInIndex = 0; path = PersonalFinanceTracker.app; sourceTree = BUILT_PRODUCTS_DIR; };
		0EA2EBCC2D99EB4300D27792 /* PersonalFinanceTrackerApp.swift */ = {isa = PBXFileReference; lastKnownFileType = sourcecode.swift; path = PersonalFinanceTrackerApp.swift; sourceTree = "<group>"; };
		0EA2EBCE2D99EB4300D27792 /* ContentView.swift */ = {isa = PBXFileReference; lastKnownFileType = sourcecode.swift; path = ContentView.swift; sourceTree = "<group>"; };
		0EA2EBD02D99EB4400D27792 /* Assets.xcassets */ = {isa = PBXFileReference; lastKnownFileType = folder.assetcatalog; path = Assets.xcassets; sourceTree = "<group>"; };
		0EA2EBD22D99EB4400D27792 /* PersonalFinanceTracker.entitlements */ = {isa = PBXFileReference; lastKnownFileType = text.plist.entitlements; path = PersonalFinanceTracker.entitlements; sourceTree = "<group>"; };
		0EA2EBD42D99EB4400D27792 /* Preview Assets.xcassets */ = {isa = PBXFileReference; lastKnownFileType = folder.assetcatalog; path = "Preview Assets.xcassets"; sourceTree = "<group>"; };
		0EA2EBE22D99EE0900D27792 /* HomeView.swift */ = {isa = PBXFileReference; lastKnownFileType = sourcecode.swift; path = HomeView.swift; sourceTree = "<group>"; };
		0EA2EBE42D99EF0600D27792 /* TransactionsListView.swift */ = {isa = PBXFileReference; lastKnownFileType = sourcecode.swift; path = TransactionsListView.swift; sourceTree = "<group>"; };
		0EA2EBE72D99EFBF00D27792 /* ProfileView.swift */ = {isa = PBXFileReference; lastKnownFileType = sourcecode.swift; path = ProfileView.swift; sourceTree = "<group>"; };
		0EA2EBE92D99F02B00D27792 /* TabbarView.swift */ = {isa = PBXFileReference; lastKnownFileType = sourcecode.swift; path = TabbarView.swift; sourceTree = "<group>"; };
		0EA2EBEC2D9A06B800D27792 /* BudgetView.swift */ = {isa = PBXFileReference; lastKnownFileType = sourcecode.swift; path = BudgetView.swift; sourceTree = "<group>"; };
		0EA2EBF22D9B888900D27792 /* PersonalFinanceTrackerModel.xcdatamodel */ = {isa = PBXFileReference; lastKnownFileType = wrapper.xcdatamodel; path = PersonalFinanceTrackerModel.xcdatamodel; sourceTree = "<group>"; };
		0EA2EBF42D9B891400D27792 /* CoreDataStack.swift */ = {isa = PBXFileReference; lastKnownFileType = sourcecode.swift; path = CoreDataStack.swift; sourceTree = "<group>"; };
		0EBAE5322DA5ED1D00EEF12E /* MoreOptionsView.swift */ = {isa = PBXFileReference; lastKnownFileType = sourcecode.swift; path = MoreOptionsView.swift; sourceTree = "<group>"; };
		0EE82FB32DAB3D750043FE8E /* TransactionFormView.swift */ = {isa = PBXFileReference; lastKnownFileType = sourcecode.swift; path = TransactionFormView.swift; sourceTree = "<group>"; };
		0EEAC2042DA7532600D3CEE1 /* CategoriesView.swift */ = {isa = PBXFileReference; fileEncoding = 4; lastKnownFileType = sourcecode.swift; path = CategoriesView.swift; sourceTree = "<group>"; };
		0EEAC2072DA7545100D3CEE1 /* AddCategorySheet.swift */ = {isa = PBXFileReference; fileEncoding = 4; lastKnownFileType = sourcecode.swift; path = AddCategorySheet.swift; sourceTree = "<group>"; };
/* End PBXFileReference section */

/* Begin PBXFrameworksBuildPhase section */
		0EA2EBC62D99EB4300D27792 /* Frameworks */ = {
			isa = PBXFrameworksBuildPhase;
			buildActionMask = 2147483647;
			files = (
			);
			runOnlyForDeploymentPostprocessing = 0;
		};
/* End PBXFrameworksBuildPhase section */

/* Begin PBXGroup section */
		0EA2EBC02D99EB4300D27792 = {
			isa = PBXGroup;
			children = (
				0EA2EBCB2D99EB4300D27792 /* PersonalFinanceTracker */,
				0EA2EBCA2D99EB4300D27792 /* Products */,
			);
			sourceTree = "<group>";
		};
		0EA2EBCA2D99EB4300D27792 /* Products */ = {
			isa = PBXGroup;
			children = (
				0EA2EBC92D99EB4300D27792 /* PersonalFinanceTracker.app */,
			);
			name = Products;
			sourceTree = "<group>";
		};
		0EA2EBCB2D99EB4300D27792 /* PersonalFinanceTracker */ = {
			isa = PBXGroup;
			children = (
				0EA2EBF02D9B874500D27792 /* CoreData */,
				0EA2EBDB2D99ED0D00D27792 /* Model */,
				0EA2EBDC2D99ED1400D27792 /* View */,
				0EA2EBDD2D99ED2000D27792 /* ViewModel */,
				0EA2EBCC2D99EB4300D27792 /* PersonalFinanceTrackerApp.swift */,
				0EA2EBCE2D99EB4300D27792 /* ContentView.swift */,
				0EA2EBD02D99EB4400D27792 /* Assets.xcassets */,
				0EA2EBD22D99EB4400D27792 /* PersonalFinanceTracker.entitlements */,
				0EA2EBD32D99EB4400D27792 /* Preview Content */,
			);
			path = PersonalFinanceTracker;
			sourceTree = "<group>";
		};
		0EA2EBD32D99EB4400D27792 /* Preview Content */ = {
			isa = PBXGroup;
			children = (
				0EA2EBD42D99EB4400D27792 /* Preview Assets.xcassets */,
			);
			path = "Preview Content";
			sourceTree = "<group>";
		};
		0EA2EBDB2D99ED0D00D27792 /* Model */ = {
			isa = PBXGroup;
			children = (
			);
			path = Model;
			sourceTree = "<group>";
		};
		0EA2EBDC2D99ED1400D27792 /* View */ = {
			isa = PBXGroup;
			children = (
				0EEAC2052DA7532600D3CEE1 /* Categories */,
				0EA2EBDE2D99ED3700D27792 /* Home */,
				0EA2EBDF2D99ED3F00D27792 /* Transaction */,
				0EA2EBEB2D9A069C00D27792 /* Budget */,
				0EA2EBE62D99EFB100D27792 /* Profile */,
				0EBAE5312DA5ECFD00EEF12E /* More */,
				0EA2EBE12D99EDE400D27792 /* TabbarView */,
			);
			path = View;
			sourceTree = "<group>";
		};
		0EA2EBDD2D99ED2000D27792 /* ViewModel */ = {
			isa = PBXGroup;
			children = (
			);
			path = ViewModel;
			sourceTree = "<group>";
		};
		0EA2EBDE2D99ED3700D27792 /* Home */ = {
			isa = PBXGroup;
			children = (
				0EA2EBE22D99EE0900D27792 /* HomeView.swift */,
			);
			path = Home;
			sourceTree = "<group>";
		};
		0EA2EBDF2D99ED3F00D27792 /* Transaction */ = {
			isa = PBXGroup;
			children = (
				0EA2EBE42D99EF0600D27792 /* TransactionsListView.swift */,
				0EE82FB32DAB3D750043FE8E /* TransactionFormView.swift */,
			);
			path = Transaction;
			sourceTree = "<group>";
		};
		0EA2EBE12D99EDE400D27792 /* TabbarView */ = {
			isa = PBXGroup;
			children = (
				0EA2EBE92D99F02B00D27792 /* TabbarView.swift */,
			);
			path = TabbarView;
			sourceTree = "<group>";
		};
		0EA2EBE62D99EFB100D27792 /* Profile */ = {
			isa = PBXGroup;
			children = (
				0EA2EBE72D99EFBF00D27792 /* ProfileView.swift */,
			);
			path = Profile;
			sourceTree = "<group>";
		};
		0EA2EBEB2D9A069C00D27792 /* Budget */ = {
			isa = PBXGroup;
			children = (
				0EA2EBEC2D9A06B800D27792 /* BudgetView.swift */,
			);
			path = Budget;
			sourceTree = "<group>";
		};
		0EA2EBF02D9B874500D27792 /* CoreData */ = {
			isa = PBXGroup;
			children = (
				0EA2EBF12D9B888900D27792 /* PersonalFinanceTrackerModel.xcdatamodeld */,
				0EA2EBF42D9B891400D27792 /* CoreDataStack.swift */,
			);
			path = CoreData;
			sourceTree = "<group>";
		};
		0EBAE5312DA5ECFD00EEF12E /* More */ = {
			isa = PBXGroup;
			children = (
				0EBAE5322DA5ED1D00EEF12E /* MoreOptionsView.swift */,
			);
			path = More;
			sourceTree = "<group>";
		};
		0EEAC2052DA7532600D3CEE1 /* Categories */ = {
			isa = PBXGroup;
			children = (
				0EEAC2072DA7545100D3CEE1 /* AddCategorySheet.swift */,
				0EEAC2042DA7532600D3CEE1 /* CategoriesView.swift */,
			);
			path = Categories;
			sourceTree = "<group>";
		};
/* End PBXGroup section */

/* Begin PBXNativeTarget section */
		0EA2EBC82D99EB4300D27792 /* PersonalFinanceTracker */ = {
			isa = PBXNativeTarget;
			buildConfigurationList = 0EA2EBD82D99EB4400D27792 /* Build configuration list for PBXNativeTarget "PersonalFinanceTracker" */;
			buildPhases = (
				0EA2EBC52D99EB4300D27792 /* Sources */,
				0EA2EBC62D99EB4300D27792 /* Frameworks */,
				0EA2EBC72D99EB4300D27792 /* Resources */,
			);
			buildRules = (
			);
			dependencies = (
			);
			name = PersonalFinanceTracker;
			productName = PersonalFinanceTracker;
			productReference = 0EA2EBC92D99EB4300D27792 /* PersonalFinanceTracker.app */;
			productType = "com.apple.product-type.application";
		};
/* End PBXNativeTarget section */

/* Begin PBXProject section */
		0EA2EBC12D99EB4300D27792 /* Project object */ = {
			isa = PBXProject;
			attributes = {
				BuildIndependentTargetsInParallel = 1;
				LastSwiftUpdateCheck = 1530;
				LastUpgradeCheck = 1530;
				TargetAttributes = {
					0EA2EBC82D99EB4300D27792 = {
						CreatedOnToolsVersion = 15.3;
					};
				};
			};
			buildConfigurationList = 0EA2EBC42D99EB4300D27792 /* Build configuration list for PBXProject "PersonalFinanceTracker" */;
			compatibilityVersion = "Xcode 14.0";
			developmentRegion = en;
			hasScannedForEncodings = 0;
			knownRegions = (
				en,
				Base,
			);
			mainGroup = 0EA2EBC02D99EB4300D27792;
			productRefGroup = 0EA2EBCA2D99EB4300D27792 /* Products */;
			projectDirPath = "";
			projectRoot = "";
			targets = (
				0EA2EBC82D99EB4300D27792 /* PersonalFinanceTracker */,
			);
		};
/* End PBXProject section */

/* Begin PBXResourcesBuildPhase section */
		0EA2EBC72D99EB4300D27792 /* Resources */ = {
			isa = PBXResourcesBuildPhase;
			buildActionMask = 2147483647;
			files = (
				0EA2EBD52D99EB4400D27792 /* Preview Assets.xcassets in Resources */,
				0EA2EBD12D99EB4400D27792 /* Assets.xcassets in Resources */,
			);
			runOnlyForDeploymentPostprocessing = 0;
		};
/* End PBXResourcesBuildPhase section */

/* Begin PBXSourcesBuildPhase section */
		0EA2EBC52D99EB4300D27792 /* Sources */ = {
			isa = PBXSourcesBuildPhase;
			buildActionMask = 2147483647;
			files = (
				0EA2EBE32D99EE0900D27792 /* HomeView.swift in Sources */,
				0EEAC2082DA7545100D3CEE1 /* AddCategorySheet.swift in Sources */,
				0EA2EBE52D99EF0600D27792 /* TransactionsListView.swift in Sources */,
				0EA2EBE82D99EFBF00D27792 /* ProfileView.swift in Sources */,
				0EA2EBF52D9B891400D27792 /* CoreDataStack.swift in Sources */,
				0EA2EBCF2D99EB4300D27792 /* ContentView.swift in Sources */,
				0EA2EBED2D9A06B800D27792 /* BudgetView.swift in Sources */,
				0EA2EBF32D9B888900D27792 /* PersonalFinanceTrackerModel.xcdatamodeld in Sources */,
				0EA2EBEA2D99F02B00D27792 /* TabbarView.swift in Sources */,
				0EE82FB42DAB3D750043FE8E /* TransactionFormView.swift in Sources */,
				0EEAC2062DA7532600D3CEE1 /* CategoriesView.swift in Sources */,
				0EBAE5332DA5ED1D00EEF12E /* MoreOptionsView.swift in Sources */,
				0EA2EBCD2D99EB4300D27792 /* PersonalFinanceTrackerApp.swift in Sources */,
			);
			runOnlyForDeploymentPostprocessing = 0;
		};
/* End PBXSourcesBuildPhase section */

/* Begin XCBuildConfiguration section */
		0EA2EBD62D99EB4400D27792 /* Debug */ = {
			isa = XCBuildConfiguration;
			buildSettings = {
				ALWAYS_SEARCH_USER_PATHS = NO;
				ASSETCATALOG_COMPILER_GENERATE_SWIFT_ASSET_SYMBOL_EXTENSIONS = YES;
				CLANG_ANALYZER_NONNULL = YES;
				CLANG_ANALYZER_NUMBER_OBJECT_CONVERSION = YES_AGGRESSIVE;
				CLANG_CXX_LANGUAGE_STANDARD = "gnu++20";
				CLANG_ENABLE_MODULES = YES;
				CLANG_ENABLE_OBJC_ARC = YES;
				CLANG_ENABLE_OBJC_WEAK = YES;
				CLANG_WARN_BLOCK_CAPTURE_AUTORELEASING = YES;
				CLANG_WARN_BOOL_CONVERSION = YES;
				CLANG_WARN_COMMA = YES;
				CLANG_WARN_CONSTANT_CONVERSION = YES;
				CLANG_WARN_DEPRECATED_OBJC_IMPLEMENTATIONS = YES;
				CLANG_WARN_DIRECT_OBJC_ISA_USAGE = YES_ERROR;
				CLANG_WARN_DOCUMENTATION_COMMENTS = YES;
				CLANG_WARN_EMPTY_BODY = YES;
				CLANG_WARN_ENUM_CONVERSION = YES;
				CLANG_WARN_INFINITE_RECURSION = YES;
				CLANG_WARN_INT_CONVERSION = YES;
				CLANG_WARN_NON_LITERAL_NULL_CONVERSION = YES;
				CLANG_WARN_OBJC_IMPLICIT_RETAIN_SELF = YES;
				CLANG_WARN_OBJC_LITERAL_CONVERSION = YES;
				CLANG_WARN_OBJC_ROOT_CLASS = YES_ERROR;
				CLANG_WARN_QUOTED_INCLUDE_IN_FRAMEWORK_HEADER = YES;
				CLANG_WARN_RANGE_LOOP_ANALYSIS = YES;
				CLANG_WARN_STRICT_PROTOTYPES = YES;
				CLANG_WARN_SUSPICIOUS_MOVE = YES;
				CLANG_WARN_UNGUARDED_AVAILABILITY = YES_AGGRESSIVE;
				CLANG_WARN_UNREACHABLE_CODE = YES;
				CLANG_WARN__DUPLICATE_METHOD_MATCH = YES;
				COPY_PHASE_STRIP = NO;
				DEBUG_INFORMATION_FORMAT = dwarf;
				ENABLE_STRICT_OBJC_MSGSEND = YES;
				ENABLE_TESTABILITY = YES;
				ENABLE_USER_SCRIPT_SANDBOXING = YES;
				GCC_C_LANGUAGE_STANDARD = gnu17;
				GCC_DYNAMIC_NO_PIC = NO;
				GCC_NO_COMMON_BLOCKS = YES;
				GCC_OPTIMIZATION_LEVEL = 0;
				GCC_PREPROCESSOR_DEFINITIONS = (
					"DEBUG=1",
					"$(inherited)",
				);
				GCC_WARN_64_TO_32_BIT_CONVERSION = YES;
				GCC_WARN_ABOUT_RETURN_TYPE = YES_ERROR;
				GCC_WARN_UNDECLARED_SELECTOR = YES;
				GCC_WARN_UNINITIALIZED_AUTOS = YES_AGGRESSIVE;
				GCC_WARN_UNUSED_FUNCTION = YES;
				GCC_WARN_UNUSED_VARIABLE = YES;
				LOCALIZATION_PREFERS_STRING_CATALOGS = YES;
				MTL_ENABLE_DEBUG_INFO = INCLUDE_SOURCE;
				MTL_FAST_MATH = YES;
				ONLY_ACTIVE_ARCH = YES;
				SWIFT_ACTIVE_COMPILATION_CONDITIONS = "DEBUG $(inherited)";
				SWIFT_OPTIMIZATION_LEVEL = "-Onone";
			};
			name = Debug;
		};
		0EA2EBD72D99EB4400D27792 /* Release */ = {
			isa = XCBuildConfiguration;
			buildSettings = {
				ALWAYS_SEARCH_USER_PATHS = NO;
				ASSETCATALOG_COMPILER_GENERATE_SWIFT_ASSET_SYMBOL_EXTENSIONS = YES;
				CLANG_ANALYZER_NONNULL = YES;
				CLANG_ANALYZER_NUMBER_OBJECT_CONVERSION = YES_AGGRESSIVE;
				CLANG_CXX_LANGUAGE_STANDARD = "gnu++20";
				CLANG_ENABLE_MODULES = YES;
				CLANG_ENABLE_OBJC_ARC = YES;
				CLANG_ENABLE_OBJC_WEAK = YES;
				CLANG_WARN_BLOCK_CAPTURE_AUTORELEASING = YES;
				CLANG_WARN_BOOL_CONVERSION = YES;
				CLANG_WARN_COMMA = YES;
				CLANG_WARN_CONSTANT_CONVERSION = YES;
				CLANG_WARN_DEPRECATED_OBJC_IMPLEMENTATIONS = YES;
				CLANG_WARN_DIRECT_OBJC_ISA_USAGE = YES_ERROR;
				CLANG_WARN_DOCUMENTATION_COMMENTS = YES;
				CLANG_WARN_EMPTY_BODY = YES;
				CLANG_WARN_ENUM_CONVERSION = YES;
				CLANG_WARN_INFINITE_RECURSION = YES;
				CLANG_WARN_INT_CONVERSION = YES;
				CLANG_WARN_NON_LITERAL_NULL_CONVERSION = YES;
				CLANG_WARN_OBJC_IMPLICIT_RETAIN_SELF = YES;
				CLANG_WARN_OBJC_LITERAL_CONVERSION = YES;
				CLANG_WARN_OBJC_ROOT_CLASS = YES_ERROR;
				CLANG_WARN_QUOTED_INCLUDE_IN_FRAMEWORK_HEADER = YES;
				CLANG_WARN_RANGE_LOOP_ANALYSIS = YES;
				CLANG_WARN_STRICT_PROTOTYPES = YES;
				CLANG_WARN_SUSPICIOUS_MOVE = YES;
				CLANG_WARN_UNGUARDED_AVAILABILITY = YES_AGGRESSIVE;
				CLANG_WARN_UNREACHABLE_CODE = YES;
				CLANG_WARN__DUPLICATE_METHOD_MATCH = YES;
				COPY_PHASE_STRIP = NO;
				DEBUG_INFORMATION_FORMAT = "dwarf-with-dsym";
				ENABLE_NS_ASSERTIONS = NO;
				ENABLE_STRICT_OBJC_MSGSEND = YES;
				ENABLE_USER_SCRIPT_SANDBOXING = YES;
				GCC_C_LANGUAGE_STANDARD = gnu17;
				GCC_NO_COMMON_BLOCKS = YES;
				GCC_WARN_64_TO_32_BIT_CONVERSION = YES;
				GCC_WARN_ABOUT_RETURN_TYPE = YES_ERROR;
				GCC_WARN_UNDECLARED_SELECTOR = YES;
				GCC_WARN_UNINITIALIZED_AUTOS = YES_AGGRESSIVE;
				GCC_WARN_UNUSED_FUNCTION = YES;
				GCC_WARN_UNUSED_VARIABLE = YES;
				LOCALIZATION_PREFERS_STRING_CATALOGS = YES;
				MTL_ENABLE_DEBUG_INFO = NO;
				MTL_FAST_MATH = YES;
				SWIFT_COMPILATION_MODE = wholemodule;
			};
			name = Release;
		};
		0EA2EBD92D99EB4400D27792 /* Debug */ = {
			isa = XCBuildConfiguration;
			buildSettings = {
				ASSETCATALOG_COMPILER_APPICON_NAME = AppIcon;
				ASSETCATALOG_COMPILER_GLOBAL_ACCENT_COLOR_NAME = AccentColor;
				CODE_SIGN_ENTITLEMENTS = PersonalFinanceTracker/PersonalFinanceTracker.entitlements;
				CODE_SIGN_IDENTITY = "Apple Development";
				CODE_SIGN_STYLE = Automatic;
				CURRENT_PROJECT_VERSION = 1;
				DEVELOPMENT_ASSET_PATHS = "\"PersonalFinanceTracker/Preview Content\"";
				DEVELOPMENT_TEAM = BGLPVLYQQ6;
				ENABLE_HARDENED_RUNTIME = YES;
				ENABLE_PREVIEWS = YES;
				GENERATE_INFOPLIST_FILE = YES;
				"INFOPLIST_KEY_UIApplicationSceneManifest_Generation[sdk=iphoneos*]" = YES;
				"INFOPLIST_KEY_UIApplicationSceneManifest_Generation[sdk=iphonesimulator*]" = YES;
				"INFOPLIST_KEY_UIApplicationSupportsIndirectInputEvents[sdk=iphoneos*]" = YES;
				"INFOPLIST_KEY_UIApplicationSupportsIndirectInputEvents[sdk=iphonesimulator*]" = YES;
				"INFOPLIST_KEY_UILaunchScreen_Generation[sdk=iphoneos*]" = YES;
				"INFOPLIST_KEY_UILaunchScreen_Generation[sdk=iphonesimulator*]" = YES;
				"INFOPLIST_KEY_UIStatusBarStyle[sdk=iphoneos*]" = UIStatusBarStyleDefault;
				"INFOPLIST_KEY_UIStatusBarStyle[sdk=iphonesimulator*]" = UIStatusBarStyleDefault;
				INFOPLIST_KEY_UISupportedInterfaceOrientations_iPad = "UIInterfaceOrientationPortrait UIInterfaceOrientationPortraitUpsideDown UIInterfaceOrientationLandscapeLeft UIInterfaceOrientationLandscapeRight";
				INFOPLIST_KEY_UISupportedInterfaceOrientations_iPhone = "UIInterfaceOrientationPortrait UIInterfaceOrientationLandscapeLeft UIInterfaceOrientationLandscapeRight";
				IPHONEOS_DEPLOYMENT_TARGET = 17.4;
				LD_RUNPATH_SEARCH_PATHS = "@executable_path/Frameworks";
				"LD_RUNPATH_SEARCH_PATHS[sdk=macosx*]" = "@executable_path/../Frameworks";
				MACOSX_DEPLOYMENT_TARGET = 14.4;
				MARKETING_VERSION = 1.0;
				PRODUCT_BUNDLE_IDENTIFIER = bruno.marques.PersonalFinanceTracker;
				PRODUCT_NAME = "$(TARGET_NAME)";
				PROVISIONING_PROFILE_SPECIFIER = "";
				SDKROOT = auto;
				SUPPORTED_PLATFORMS = "iphoneos iphonesimulator macosx";
				SWIFT_EMIT_LOC_STRINGS = YES;
				SWIFT_VERSION = 5.0;
				TARGETED_DEVICE_FAMILY = "1,2";
			};
			name = Debug;
		};
		0EA2EBDA2D99EB4400D27792 /* Release */ = {
			isa = XCBuildConfiguration;
			buildSettings = {
				ASSETCATALOG_COMPILER_APPICON_NAME = AppIcon;
				ASSETCATALOG_COMPILER_GLOBAL_ACCENT_COLOR_NAME = AccentColor;
				CODE_SIGN_ENTITLEMENTS = PersonalFinanceTracker/PersonalFinanceTracker.entitlements;
				CODE_SIGN_IDENTITY = "Apple Development";
				CODE_SIGN_STYLE = Automatic;
				CURRENT_PROJECT_VERSION = 1;
				DEVELOPMENT_ASSET_PATHS = "\"PersonalFinanceTracker/Preview Content\"";
				DEVELOPMENT_TEAM = BGLPVLYQQ6;
				ENABLE_HARDENED_RUNTIME = YES;
				ENABLE_PREVIEWS = YES;
				GENERATE_INFOPLIST_FILE = YES;
				"INFOPLIST_KEY_UIApplicationSceneManifest_Generation[sdk=iphoneos*]" = YES;
				"INFOPLIST_KEY_UIApplicationSceneManifest_Generation[sdk=iphonesimulator*]" = YES;
				"INFOPLIST_KEY_UIApplicationSupportsIndirectInputEvents[sdk=iphoneos*]" = YES;
				"INFOPLIST_KEY_UIApplicationSupportsIndirectInputEvents[sdk=iphonesimulator*]" = YES;
				"INFOPLIST_KEY_UILaunchScreen_Generation[sdk=iphoneos*]" = YES;
				"INFOPLIST_KEY_UILaunchScreen_Generation[sdk=iphonesimulator*]" = YES;
				"INFOPLIST_KEY_UIStatusBarStyle[sdk=iphoneos*]" = UIStatusBarStyleDefault;
				"INFOPLIST_KEY_UIStatusBarStyle[sdk=iphonesimulator*]" = UIStatusBarStyleDefault;
				INFOPLIST_KEY_UISupportedInterfaceOrientations_iPad = "UIInterfaceOrientationPortrait UIInterfaceOrientationPortraitUpsideDown UIInterfaceOrientationLandscapeLeft UIInterfaceOrientationLandscapeRight";
				INFOPLIST_KEY_UISupportedInterfaceOrientations_iPhone = "UIInterfaceOrientationPortrait UIInterfaceOrientationLandscapeLeft UIInterfaceOrientationLandscapeRight";
				IPHONEOS_DEPLOYMENT_TARGET = 17.4;
				LD_RUNPATH_SEARCH_PATHS = "@executable_path/Frameworks";
				"LD_RUNPATH_SEARCH_PATHS[sdk=macosx*]" = "@executable_path/../Frameworks";
				MACOSX_DEPLOYMENT_TARGET = 14.4;
				MARKETING_VERSION = 1.0;
				PRODUCT_BUNDLE_IDENTIFIER = bruno.marques.PersonalFinanceTracker;
				PRODUCT_NAME = "$(TARGET_NAME)";
				PROVISIONING_PROFILE_SPECIFIER = "";
				SDKROOT = auto;
				SUPPORTED_PLATFORMS = "iphoneos iphonesimulator macosx";
				SWIFT_EMIT_LOC_STRINGS = YES;
				SWIFT_VERSION = 5.0;
				TARGETED_DEVICE_FAMILY = "1,2";
			};
			name = Release;
		};
/* End XCBuildConfiguration section */

/* Begin XCConfigurationList section */
		0EA2EBC42D99EB4300D27792 /* Build configuration list for PBXProject "PersonalFinanceTracker" */ = {
			isa = XCConfigurationList;
			buildConfigurations = (
				0EA2EBD62D99EB4400D27792 /* Debug */,
				0EA2EBD72D99EB4400D27792 /* Release */,
			);
			defaultConfigurationIsVisible = 0;
			defaultConfigurationName = Release;
		};
		0EA2EBD82D99EB4400D27792 /* Build configuration list for PBXNativeTarget "PersonalFinanceTracker" */ = {
			isa = XCConfigurationList;
			buildConfigurations = (
				0EA2EBD92D99EB4400D27792 /* Debug */,
				0EA2EBDA2D99EB4400D27792 /* Release */,
			);
			defaultConfigurationIsVisible = 0;
			defaultConfigurationName = Release;
		};
/* End XCConfigurationList section */

/* Begin XCVersionGroup section */
		0EA2EBF12D9B888900D27792 /* PersonalFinanceTrackerModel.xcdatamodeld */ = {
			isa = XCVersionGroup;
			children = (
				0EA2EBF22D9B888900D27792 /* PersonalFinanceTrackerModel.xcdatamodel */,
			);
			currentVersion = 0EA2EBF22D9B888900D27792 /* PersonalFinanceTrackerModel.xcdatamodel */;
			name = PersonalFinanceTrackerModel.xcdatamodeld;
			path = /Users/brunomarques/Documents/MyProjects/PersonalFinanceTracker/PersonalFinanceTracker/CoreData/PersonalFinanceTrackerModel.xcdatamodeld;
			sourceTree = "<group>";
			versionGroupType = wrapper.xcdatamodel;
		};
/* End XCVersionGroup section */
	};
	rootObject = 0EA2EBC12D99EB4300D27792 /* Project object */;
}
